// !$*UTF8*$!
{
	archiveVersion = 1;
	classes = {
	};
	objectVersion = 56;
	objects = {

/* Begin PBXBuildFile section */
		56E42866299507AC00CDF2B7 /* MVVM_WeatherApp.swift in Sources */ = {isa = PBXBuildFile; fileRef = 56E42865299507AC00CDF2B7 /* MVVM_WeatherApp.swift */; };
		56E42868299507AC00CDF2B7 /* ContentView.swift in Sources */ = {isa = PBXBuildFile; fileRef = 56E42867299507AC00CDF2B7 /* ContentView.swift */; };
		56E4286A299507AC00CDF2B7 /* Assets.xcassets in Resources */ = {isa = PBXBuildFile; fileRef = 56E42869299507AC00CDF2B7 /* Assets.xcassets */; };
		56E4286D299507AC00CDF2B7 /* Preview Assets.xcassets in Resources */ = {isa = PBXBuildFile; fileRef = 56E4286C299507AC00CDF2B7 /* Preview Assets.xcassets */; };
		56E4287829950F1C00CDF2B7 /* WeatherbitService.swift in Sources */ = {isa = PBXBuildFile; fileRef = 56E4287729950F1C00CDF2B7 /* WeatherbitService.swift */; };
		56E4287A299511E400CDF2B7 /* Location.swift in Sources */ = {isa = PBXBuildFile; fileRef = 56E42879299511E400CDF2B7 /* Location.swift */; };
		56E4287C299511FC00CDF2B7 /* WeatherbitData.swift in Sources */ = {isa = PBXBuildFile; fileRef = 56E4287B299511FC00CDF2B7 /* WeatherbitData.swift */; };
		56E4287E2995123C00CDF2B7 /* WeatherViewModel.swift in Sources */ = {isa = PBXBuildFile; fileRef = 56E4287D2995123C00CDF2B7 /* WeatherViewModel.swift */; };
		56E428802995126300CDF2B7 /* LocationGeocoder.swift in Sources */ = {isa = PBXBuildFile; fileRef = 56E4287F2995126300CDF2B7 /* LocationGeocoder.swift */; };
		56E42883299515E100CDF2B7 /* Box.swift in Sources */ = {isa = PBXBuildFile; fileRef = 56E42882299515E100CDF2B7 /* Box.swift */; };
/* End PBXBuildFile section */

/* Begin PBXFileReference section */
		56E42862299507AC00CDF2B7 /* MVVM_Weather.app */ = {isa = PBXFileReference; explicitFileType = wrapper.application; includeInIndex = 0; path = MVVM_Weather.app; sourceTree = BUILT_PRODUCTS_DIR; };
		56E42865299507AC00CDF2B7 /* MVVM_WeatherApp.swift */ = {isa = PBXFileReference; lastKnownFileType = sourcecode.swift; path = MVVM_WeatherApp.swift; sourceTree = "<group>"; };
		56E42867299507AC00CDF2B7 /* ContentView.swift */ = {isa = PBXFileReference; lastKnownFileType = sourcecode.swift; path = ContentView.swift; sourceTree = "<group>"; };
		56E42869299507AC00CDF2B7 /* Assets.xcassets */ = {isa = PBXFileReference; lastKnownFileType = folder.assetcatalog; path = Assets.xcassets; sourceTree = "<group>"; };
		56E4286C299507AC00CDF2B7 /* Preview Assets.xcassets */ = {isa = PBXFileReference; lastKnownFileType = folder.assetcatalog; path = "Preview Assets.xcassets"; sourceTree = "<group>"; };
		56E4287729950F1C00CDF2B7 /* WeatherbitService.swift */ = {isa = PBXFileReference; lastKnownFileType = sourcecode.swift; path = WeatherbitService.swift; sourceTree = "<group>"; };
		56E42879299511E400CDF2B7 /* Location.swift */ = {isa = PBXFileReference; lastKnownFileType = sourcecode.swift; path = Location.swift; sourceTree = "<group>"; };
		56E4287B299511FC00CDF2B7 /* WeatherbitData.swift */ = {isa = PBXFileReference; lastKnownFileType = sourcecode.swift; path = WeatherbitData.swift; sourceTree = "<group>"; };
		56E4287D2995123C00CDF2B7 /* WeatherViewModel.swift */ = {isa = PBXFileReference; lastKnownFileType = sourcecode.swift; path = WeatherViewModel.swift; sourceTree = "<group>"; };
		56E4287F2995126300CDF2B7 /* LocationGeocoder.swift */ = {isa = PBXFileReference; lastKnownFileType = sourcecode.swift; path = LocationGeocoder.swift; sourceTree = "<group>"; };
		56E42882299515E100CDF2B7 /* Box.swift */ = {isa = PBXFileReference; lastKnownFileType = sourcecode.swift; path = Box.swift; sourceTree = "<group>"; };
/* End PBXFileReference section */

/* Begin PBXFrameworksBuildPhase section */
		56E4285F299507AC00CDF2B7 /* Frameworks */ = {
			isa = PBXFrameworksBuildPhase;
			buildActionMask = 2147483647;
			files = (
			);
			runOnlyForDeploymentPostprocessing = 0;
		};
/* End PBXFrameworksBuildPhase section */

/* Begin PBXGroup section */
		56E42859299507AC00CDF2B7 = {
			isa = PBXGroup;
			children = (
				56E42864299507AC00CDF2B7 /* MVVM_Weather */,
				56E42863299507AC00CDF2B7 /* Products */,
			);
			sourceTree = "<group>";
		};
		56E42863299507AC00CDF2B7 /* Products */ = {
			isa = PBXGroup;
			children = (
				56E42862299507AC00CDF2B7 /* MVVM_Weather.app */,
			);
			name = Products;
			sourceTree = "<group>";
		};
		56E42864299507AC00CDF2B7 /* MVVM_Weather */ = {
			isa = PBXGroup;
			children = (
				56E428812995127C00CDF2B7 /* Utilities */,
				56E42876299507F300CDF2B7 /* Service */,
				56E42875299507EA00CDF2B7 /* VIewModel */,
				56E42874299507E300CDF2B7 /* Model */,
				56E42873299507D600CDF2B7 /* View */,
				56E42865299507AC00CDF2B7 /* MVVM_WeatherApp.swift */,
				56E42869299507AC00CDF2B7 /* Assets.xcassets */,
				56E4286B299507AC00CDF2B7 /* Preview Content */,
			);
			path = MVVM_Weather;
			sourceTree = "<group>";
		};
		56E4286B299507AC00CDF2B7 /* Preview Content */ = {
			isa = PBXGroup;
			children = (
				56E4286C299507AC00CDF2B7 /* Preview Assets.xcassets */,
			);
			path = "Preview Content";
			sourceTree = "<group>";
		};
		56E42873299507D600CDF2B7 /* View */ = {
			isa = PBXGroup;
			children = (
				56E42867299507AC00CDF2B7 /* ContentView.swift */,
			);
			path = View;
			sourceTree = "<group>";
		};
		56E42874299507E300CDF2B7 /* Model */ = {
			isa = PBXGroup;
			children = (
				56E42879299511E400CDF2B7 /* Location.swift */,
				56E4287B299511FC00CDF2B7 /* WeatherbitData.swift */,
			);
			path = Model;
			sourceTree = "<group>";
		};
		56E42875299507EA00CDF2B7 /* VIewModel */ = {
			isa = PBXGroup;
			children = (
				56E4287D2995123C00CDF2B7 /* WeatherViewModel.swift */,
			);
			path = VIewModel;
			sourceTree = "<group>";
		};
		56E42876299507F300CDF2B7 /* Service */ = {
			isa = PBXGroup;
			children = (
				56E4287729950F1C00CDF2B7 /* WeatherbitService.swift */,
				56E4287F2995126300CDF2B7 /* LocationGeocoder.swift */,
			);
			path = Service;
			sourceTree = "<group>";
		};
		56E428812995127C00CDF2B7 /* Utilities */ = {
			isa = PBXGroup;
			children = (
				56E42882299515E100CDF2B7 /* Box.swift */,
			);
			path = Utilities;
			sourceTree = "<group>";
		};
/* End PBXGroup section */

/* Begin PBXNativeTarget section */
		56E42861299507AC00CDF2B7 /* MVVM_Weather */ = {
			isa = PBXNativeTarget;
			buildConfigurationList = 56E42870299507AC00CDF2B7 /* Build configuration list for PBXNativeTarget "MVVM_Weather" */;
			buildPhases = (
				56E4285E299507AC00CDF2B7 /* Sources */,
				56E4285F299507AC00CDF2B7 /* Frameworks */,
				56E42860299507AC00CDF2B7 /* Resources */,
			);
			buildRules = (
			);
			dependencies = (
			);
			name = MVVM_Weather;
			productName = MVVM_Weather;
			productReference = 56E42862299507AC00CDF2B7 /* MVVM_Weather.app */;
			productType = "com.apple.product-type.application";
		};
/* End PBXNativeTarget section */

/* Begin PBXProject section */
		56E4285A299507AC00CDF2B7 /* Project object */ = {
			isa = PBXProject;
			attributes = {
				BuildIndependentTargetsInParallel = 1;
				LastSwiftUpdateCheck = 1420;
				LastUpgradeCheck = 1420;
				TargetAttributes = {
					56E42861299507AC00CDF2B7 = {
						CreatedOnToolsVersion = 14.2;
					};
				};
			};
			buildConfigurationList = 56E4285D299507AC00CDF2B7 /* Build configuration list for PBXProject "MVVM_Weather" */;
			compatibilityVersion = "Xcode 14.0";
			developmentRegion = en;
			hasScannedForEncodings = 0;
			knownRegions = (
				en,
				Base,
			);
			mainGroup = 56E42859299507AC00CDF2B7;
			productRefGroup = 56E42863299507AC00CDF2B7 /* Products */;
			projectDirPath = "";
			projectRoot = "";
			targets = (
				56E42861299507AC00CDF2B7 /* MVVM_Weather */,
			);
		};
/* End PBXProject section */

/* Begin PBXResourcesBuildPhase section */
		56E42860299507AC00CDF2B7 /* Resources */ = {
			isa = PBXResourcesBuildPhase;
			buildActionMask = 2147483647;
			files = (
				56E4286D299507AC00CDF2B7 /* Preview Assets.xcassets in Resources */,
				56E4286A299507AC00CDF2B7 /* Assets.xcassets in Resources */,
			);
			runOnlyForDeploymentPostprocessing = 0;
		};
/* End PBXResourcesBuildPhase section */

/* Begin PBXSourcesBuildPhase section */
		56E4285E299507AC00CDF2B7 /* Sources */ = {
			isa = PBXSourcesBuildPhase;
			buildActionMask = 2147483647;
			files = (
				56E42868299507AC00CDF2B7 /* ContentView.swift in Sources */,
				56E4287E2995123C00CDF2B7 /* WeatherViewModel.swift in Sources */,
				56E4287829950F1C00CDF2B7 /* WeatherbitService.swift in Sources */,
				56E4287C299511FC00CDF2B7 /* WeatherbitData.swift in Sources */,
				56E428802995126300CDF2B7 /* LocationGeocoder.swift in Sources */,
				56E42883299515E100CDF2B7 /* Box.swift in Sources */,
				56E4287A299511E400CDF2B7 /* Location.swift in Sources */,
				56E42866299507AC00CDF2B7 /* MVVM_WeatherApp.swift in Sources */,
			);
			runOnlyForDeploymentPostprocessing = 0;
		};
/* End PBXSourcesBuildPhase section */

/* Begin XCBuildConfiguration section */
		56E4286E299507AC00CDF2B7 /* Debug */ = {
			isa = XCBuildConfiguration;
			buildSettings = {
				ALWAYS_SEARCH_USER_PATHS = NO;
				CLANG_ANALYZER_NONNULL = YES;
				CLANG_ANALYZER_NUMBER_OBJECT_CONVERSION = YES_AGGRESSIVE;
				CLANG_CXX_LANGUAGE_STANDARD = "gnu++20";
				CLANG_ENABLE_MODULES = YES;
				CLANG_ENABLE_OBJC_ARC = YES;
				CLANG_ENABLE_OBJC_WEAK = YES;
				CLANG_WARN_BLOCK_CAPTURE_AUTORELEASING = YES;
				CLANG_WARN_BOOL_CONVERSION = YES;
				CLANG_WARN_COMMA = YES;
				CLANG_WARN_CONSTANT_CONVERSION = YES;
				CLANG_WARN_DEPRECATED_OBJC_IMPLEMENTATIONS = YES;
				CLANG_WARN_DIRECT_OBJC_ISA_USAGE = YES_ERROR;
				CLANG_WARN_DOCUMENTATION_COMMENTS = YES;
				CLANG_WARN_EMPTY_BODY = YES;
				CLANG_WARN_ENUM_CONVERSION = YES;
				CLANG_WARN_INFINITE_RECURSION = YES;
				CLANG_WARN_INT_CONVERSION = YES;
				CLANG_WARN_NON_LITERAL_NULL_CONVERSION = YES;
				CLANG_WARN_OBJC_IMPLICIT_RETAIN_SELF = YES;
				CLANG_WARN_OBJC_LITERAL_CONVERSION = YES;
				CLANG_WARN_OBJC_ROOT_CLASS = YES_ERROR;
				CLANG_WARN_QUOTED_INCLUDE_IN_FRAMEWORK_HEADER = YES;
				CLANG_WARN_RANGE_LOOP_ANALYSIS = YES;
				CLANG_WARN_STRICT_PROTOTYPES = YES;
				CLANG_WARN_SUSPICIOUS_MOVE = YES;
				CLANG_WARN_UNGUARDED_AVAILABILITY = YES_AGGRESSIVE;
				CLANG_WARN_UNREACHABLE_CODE = YES;
				CLANG_WARN__DUPLICATE_METHOD_MATCH = YES;
				COPY_PHASE_STRIP = NO;
				DEBUG_INFORMATION_FORMAT = dwarf;
				ENABLE_STRICT_OBJC_MSGSEND = YES;
				ENABLE_TESTABILITY = YES;
				GCC_C_LANGUAGE_STANDARD = gnu11;
				GCC_DYNAMIC_NO_PIC = NO;
				GCC_NO_COMMON_BLOCKS = YES;
				GCC_OPTIMIZATION_LEVEL = 0;
				GCC_PREPROCESSOR_DEFINITIONS = (
					"DEBUG=1",
					"$(inherited)",
				);
				GCC_WARN_64_TO_32_BIT_CONVERSION = YES;
				GCC_WARN_ABOUT_RETURN_TYPE = YES_ERROR;
				GCC_WARN_UNDECLARED_SELECTOR = YES;
				GCC_WARN_UNINITIALIZED_AUTOS = YES_AGGRESSIVE;
				GCC_WARN_UNUSED_FUNCTION = YES;
				GCC_WARN_UNUSED_VARIABLE = YES;
				IPHONEOS_DEPLOYMENT_TARGET = 16.2;
				MTL_ENABLE_DEBUG_INFO = INCLUDE_SOURCE;
				MTL_FAST_MATH = YES;
				ONLY_ACTIVE_ARCH = YES;
				SDKROOT = iphoneos;
				SWIFT_ACTIVE_COMPILATION_CONDITIONS = DEBUG;
				SWIFT_OPTIMIZATION_LEVEL = "-Onone";
			};
			name = Debug;
		};
		56E4286F299507AC00CDF2B7 /* Release */ = {
			isa = XCBuildConfiguration;
			buildSettings = {
				ALWAYS_SEARCH_USER_PATHS = NO;
				CLANG_ANALYZER_NONNULL = YES;
				CLANG_ANALYZER_NUMBER_OBJECT_CONVERSION = YES_AGGRESSIVE;
				CLANG_CXX_LANGUAGE_STANDARD = "gnu++20";
				CLANG_ENABLE_MODULES = YES;
				CLANG_ENABLE_OBJC_ARC = YES;
				CLANG_ENABLE_OBJC_WEAK = YES;
				CLANG_WARN_BLOCK_CAPTURE_AUTORELEASING = YES;
				CLANG_WARN_BOOL_CONVERSION = YES;
				CLANG_WARN_COMMA = YES;
				CLANG_WARN_CONSTANT_CONVERSION = YES;
				CLANG_WARN_DEPRECATED_OBJC_IMPLEMENTATIONS = YES;
				CLANG_WARN_DIRECT_OBJC_ISA_USAGE = YES_ERROR;
				CLANG_WARN_DOCUMENTATION_COMMENTS = YES;
				CLANG_WARN_EMPTY_BODY = YES;
				CLANG_WARN_ENUM_CONVERSION = YES;
				CLANG_WARN_INFINITE_RECURSION = YES;
				CLANG_WARN_INT_CONVERSION = YES;
				CLANG_WARN_NON_LITERAL_NULL_CONVERSION = YES;
				CLANG_WARN_OBJC_IMPLICIT_RETAIN_SELF = YES;
				CLANG_WARN_OBJC_LITERAL_CONVERSION = YES;
				CLANG_WARN_OBJC_ROOT_CLASS = YES_ERROR;
				CLANG_WARN_QUOTED_INCLUDE_IN_FRAMEWORK_HEADER = YES;
				CLANG_WARN_RANGE_LOOP_ANALYSIS = YES;
				CLANG_WARN_STRICT_PROTOTYPES = YES;
				CLANG_WARN_SUSPICIOUS_MOVE = YES;
				CLANG_WARN_UNGUARDED_AVAILABILITY = YES_AGGRESSIVE;
				CLANG_WARN_UNREACHABLE_CODE = YES;
				CLANG_WARN__DUPLICATE_METHOD_MATCH = YES;
				COPY_PHASE_STRIP = NO;
				DEBUG_INFORMATION_FORMAT = "dwarf-with-dsym";
				ENABLE_NS_ASSERTIONS = NO;
				ENABLE_STRICT_OBJC_MSGSEND = YES;
				GCC_C_LANGUAGE_STANDARD = gnu11;
				GCC_NO_COMMON_BLOCKS = YES;
				GCC_WARN_64_TO_32_BIT_CONVERSION = YES;
				GCC_WARN_ABOUT_RETURN_TYPE = YES_ERROR;
				GCC_WARN_UNDECLARED_SELECTOR = YES;
				GCC_WARN_UNINITIALIZED_AUTOS = YES_AGGRESSIVE;
				GCC_WARN_UNUSED_FUNCTION = YES;
				GCC_WARN_UNUSED_VARIABLE = YES;
				IPHONEOS_DEPLOYMENT_TARGET = 16.2;
				MTL_ENABLE_DEBUG_INFO = NO;
				MTL_FAST_MATH = YES;
				SDKROOT = iphoneos;
				SWIFT_COMPILATION_MODE = wholemodule;
				SWIFT_OPTIMIZATION_LEVEL = "-O";
				VALIDATE_PRODUCT = YES;
			};
			name = Release;
		};
		56E42871299507AC00CDF2B7 /* Debug */ = {
			isa = XCBuildConfiguration;
			buildSettings = {
				ASSETCATALOG_COMPILER_APPICON_NAME = AppIcon;
				ASSETCATALOG_COMPILER_GLOBAL_ACCENT_COLOR_NAME = AccentColor;
				CODE_SIGN_STYLE = Automatic;
				CURRENT_PROJECT_VERSION = 1;
				DEVELOPMENT_ASSET_PATHS = "\"MVVM_Weather/Preview Content\"";
				ENABLE_PREVIEWS = YES;
				GENERATE_INFOPLIST_FILE = YES;
				INFOPLIST_KEY_UIApplicationSceneManifest_Generation = YES;
				INFOPLIST_KEY_UIApplicationSupportsIndirectInputEvents = YES;
				INFOPLIST_KEY_UILaunchScreen_Generation = YES;
				INFOPLIST_KEY_UISupportedInterfaceOrientations_iPad = "UIInterfaceOrientationPortrait UIInterfaceOrientationPortraitUpsideDown UIInterfaceOrientationLandscapeLeft UIInterfaceOrientationLandscapeRight";
				INFOPLIST_KEY_UISupportedInterfaceOrientations_iPhone = "UIInterfaceOrientationPortrait UIInterfaceOrientationLandscapeLeft UIInterfaceOrientationLandscapeRight";
				LD_RUNPATH_SEARCH_PATHS = (
					"$(inherited)",
					"@executable_path/Frameworks",
				);
				MARKETING_VERSION = 1.0;
				PRODUCT_BUNDLE_IDENTIFIER = "net.macnpc.MVVM-Weather";
				PRODUCT_NAME = "$(TARGET_NAME)";
				SWIFT_EMIT_LOC_STRINGS = YES;
				SWIFT_VERSION = 5.0;
				TARGETED_DEVICE_FAMILY = "1,2";
			};
			name = Debug;
		};
		56E42872299507AC00CDF2B7 /* Release */ = {
			isa = XCBuildConfiguration;
			buildSettings = {
				ASSETCATALOG_COMPILER_APPICON_NAME = AppIcon;
				ASSETCATALOG_COMPILER_GLOBAL_ACCENT_COLOR_NAME = AccentColor;
				CODE_SIGN_STYLE = Automatic;
				CURRENT_PROJECT_VERSION = 1;
				DEVELOPMENT_ASSET_PATHS = "\"MVVM_Weather/Preview Content\"";
				ENABLE_PREVIEWS = YES;
				GENERATE_INFOPLIST_FILE = YES;
				INFOPLIST_KEY_UIApplicationSceneManifest_Generation = YES;
				INFOPLIST_KEY_UIApplicationSupportsIndirectInputEvents = YES;
				INFOPLIST_KEY_UILaunchScreen_Generation = YES;
				INFOPLIST_KEY_UISupportedInterfaceOrientations_iPad = "UIInterfaceOrientationPortrait UIInterfaceOrientationPortraitUpsideDown UIInterfaceOrientationLandscapeLeft UIInterfaceOrientationLandscapeRight";
				INFOPLIST_KEY_UISupportedInterfaceOrientations_iPhone = "UIInterfaceOrientationPortrait UIInterfaceOrientationLandscapeLeft UIInterfaceOrientationLandscapeRight";
				LD_RUNPATH_SEARCH_PATHS = (
					"$(inherited)",
					"@executable_path/Frameworks",
				);
				MARKETING_VERSION = 1.0;
				PRODUCT_BUNDLE_IDENTIFIER = "net.macnpc.MVVM-Weather";
				PRODUCT_NAME = "$(TARGET_NAME)";
				SWIFT_EMIT_LOC_STRINGS = YES;
				SWIFT_VERSION = 5.0;
				TARGETED_DEVICE_FAMILY = "1,2";
			};
			name = Release;
		};
/* End XCBuildConfiguration section */

/* Begin XCConfigurationList section */
		56E4285D299507AC00CDF2B7 /* Build configuration list for PBXProject "MVVM_Weather" */ = {
			isa = XCConfigurationList;
			buildConfigurations = (
				56E4286E299507AC00CDF2B7 /* Debug */,
				56E4286F299507AC00CDF2B7 /* Release */,
			);
			defaultConfigurationIsVisible = 0;
			defaultConfigurationName = Release;
		};
		56E42870299507AC00CDF2B7 /* Build configuration list for PBXNativeTarget "MVVM_Weather" */ = {
			isa = XCConfigurationList;
			buildConfigurations = (
				56E42871299507AC00CDF2B7 /* Debug */,
				56E42872299507AC00CDF2B7 /* Release */,
			);
			defaultConfigurationIsVisible = 0;
			defaultConfigurationName = Release;
		};
/* End XCConfigurationList section */
	};
	rootObject = 56E4285A299507AC00CDF2B7 /* Project object */;
}
